
Microsoft Visual Studio Solution File, Format Version 12.00
# Visual Studio 2013
VisualStudioVersion = 12.0.30501.0
MinimumVisualStudioVersion = 10.0.40219.1
Project("{FAE04EC0-301F-11D3-BF4B-00C04F79EFBC}") = "Hello.XamarinForms", "Hello.XamarinForms\Hello.XamarinForms.csproj", "{0316722C-DE6B-4B9A-9949-8CB9EBF89495}"
EndProject
Project("{FAE04EC0-301F-11D3-BF4B-00C04F79EFBC}") = "Hello.Android", "Hello.Android\Hello.Android.csproj", "{61C46738-685C-4A9A-BFCB-FF0A7DFACF11}"
EndProject
Project("{FAE04EC0-301F-11D3-BF4B-00C04F79EFBC}") = "Hello.iOS", "Hello.iOS\Hello.iOS.csproj", "{01BABFFC-4000-4675-9F76-A7FB31C8508E}"
EndProject
Project("{FAE04EC0-301F-11D3-BF4B-00C04F79EFBC}") = "Hello.WinPhone", "Hello.WinPhone\Hello.WinPhone.csproj", "{23EA29FC-F39D-44AE-AA4B-18BD1F2D1EA0}"
EndProject
Global
	GlobalSection(SolutionConfigurationPlatforms) = preSolution
		Ad-Hoc|Any CPU = Ad-Hoc|Any CPU
		Ad-Hoc|ARM = Ad-Hoc|ARM
		Ad-Hoc|iPhone = Ad-Hoc|iPhone
		Ad-Hoc|iPhoneSimulator = Ad-Hoc|iPhoneSimulator
		Ad-Hoc|Mixed Platforms = Ad-Hoc|Mixed Platforms
		Ad-Hoc|x86 = Ad-Hoc|x86
		AppStore|Any CPU = AppStore|Any CPU
		AppStore|ARM = AppStore|ARM
		AppStore|iPhone = AppStore|iPhone
		AppStore|iPhoneSimulator = AppStore|iPhoneSimulator
		AppStore|Mixed Platforms = AppStore|Mixed Platforms
		AppStore|x86 = AppStore|x86
		Debug|Any CPU = Debug|Any CPU
		Debug|ARM = Debug|ARM
		Debug|iPhone = Debug|iPhone
		Debug|iPhoneSimulator = Debug|iPhoneSimulator
		Debug|Mixed Platforms = Debug|Mixed Platforms
		Debug|x86 = Debug|x86
		Release|Any CPU = Release|Any CPU
		Release|ARM = Release|ARM
		Release|iPhone = Release|iPhone
		Release|iPhoneSimulator = Release|iPhoneSimulator
		Release|Mixed Platforms = Release|Mixed Platforms
		Release|x86 = Release|x86
	EndGlobalSection
	GlobalSection(ProjectConfigurationPlatforms) = postSolution
		{0316722C-DE6B-4B9A-9949-8CB9EBF89495}.Ad-Hoc|Any CPU.ActiveCfg = Release|Any CPU
		{0316722C-DE6B-4B9A-9949-8CB9EBF89495}.Ad-Hoc|Any CPU.Build.0 = Release|Any CPU
		{0316722C-DE6B-4B9A-9949-8CB9EBF89495}.Ad-Hoc|ARM.ActiveCfg = Release|Any CPU
		{0316722C-DE6B-4B9A-9949-8CB9EBF89495}.Ad-Hoc|iPhone.ActiveCfg = Release|Any CPU
		{0316722C-DE6B-4B9A-9949-8CB9EBF89495}.Ad-Hoc|iPhoneSimulator.ActiveCfg = Release|Any CPU
		{0316722C-DE6B-4B9A-9949-8CB9EBF89495}.Ad-Hoc|Mixed Platforms.ActiveCfg = Release|Any CPU
		{0316722C-DE6B-4B9A-9949-8CB9EBF89495}.Ad-Hoc|Mixed Platforms.Build.0 = Release|Any CPU
		{0316722C-DE6B-4B9A-9949-8CB9EBF89495}.Ad-Hoc|x86.ActiveCfg = Release|Any CPU
		{0316722C-DE6B-4B9A-9949-8CB9EBF89495}.AppStore|Any CPU.ActiveCfg = Release|Any CPU
		{0316722C-DE6B-4B9A-9949-8CB9EBF89495}.AppStore|Any CPU.Build.0 = Release|Any CPU
		{0316722C-DE6B-4B9A-9949-8CB9EBF89495}.AppStore|ARM.ActiveCfg = Release|Any CPU
		{0316722C-DE6B-4B9A-9949-8CB9EBF89495}.AppStore|iPhone.ActiveCfg = Release|Any CPU
		{0316722C-DE6B-4B9A-9949-8CB9EBF89495}.AppStore|iPhoneSimulator.ActiveCfg = Release|Any CPU
		{0316722C-DE6B-4B9A-9949-8CB9EBF89495}.AppStore|Mixed Platforms.ActiveCfg = Release|Any CPU
		{0316722C-DE6B-4B9A-9949-8CB9EBF89495}.AppStore|Mixed Platforms.Build.0 = Release|Any CPU
		{0316722C-DE6B-4B9A-9949-8CB9EBF89495}.AppStore|x86.ActiveCfg = Release|Any CPU
		{0316722C-DE6B-4B9A-9949-8CB9EBF89495}.Debug|Any CPU.ActiveCfg = Debug|Any CPU
		{0316722C-DE6B-4B9A-9949-8CB9EBF89495}.Debug|Any CPU.Build.0 = Debug|Any CPU
		{0316722C-DE6B-4B9A-9949-8CB9EBF89495}.Debug|ARM.ActiveCfg = Debug|Any CPU
		{0316722C-DE6B-4B9A-9949-8CB9EBF89495}.Debug|iPhone.ActiveCfg = Debug|Any CPU
		{0316722C-DE6B-4B9A-9949-8CB9EBF89495}.Debug|iPhoneSimulator.ActiveCfg = Debug|Any CPU
		{0316722C-DE6B-4B9A-9949-8CB9EBF89495}.Debug|Mixed Platforms.ActiveCfg = Debug|Any CPU
		{0316722C-DE6B-4B9A-9949-8CB9EBF89495}.Debug|Mixed Platforms.Build.0 = Debug|Any CPU
		{0316722C-DE6B-4B9A-9949-8CB9EBF89495}.Debug|x86.ActiveCfg = Debug|Any CPU
		{0316722C-DE6B-4B9A-9949-8CB9EBF89495}.Release|Any CPU.ActiveCfg = Release|Any CPU
		{0316722C-DE6B-4B9A-9949-8CB9EBF89495}.Release|Any CPU.Build.0 = Release|Any CPU
		{0316722C-DE6B-4B9A-9949-8CB9EBF89495}.Release|ARM.ActiveCfg = Release|Any CPU
		{0316722C-DE6B-4B9A-9949-8CB9EBF89495}.Release|iPhone.ActiveCfg = Release|Any CPU
		{0316722C-DE6B-4B9A-9949-8CB9EBF89495}.Release|iPhoneSimulator.ActiveCfg = Release|Any CPU
		{0316722C-DE6B-4B9A-9949-8CB9EBF89495}.Release|Mixed Platforms.ActiveCfg = Release|Any CPU
		{0316722C-DE6B-4B9A-9949-8CB9EBF89495}.Release|Mixed Platforms.Build.0 = Release|Any CPU
		{0316722C-DE6B-4B9A-9949-8CB9EBF89495}.Release|x86.ActiveCfg = Release|Any CPU
		{61C46738-685C-4A9A-BFCB-FF0A7DFACF11}.Ad-Hoc|Any CPU.ActiveCfg = Release|Any CPU
		{61C46738-685C-4A9A-BFCB-FF0A7DFACF11}.Ad-Hoc|Any CPU.Build.0 = Release|Any CPU
		{61C46738-685C-4A9A-BFCB-FF0A7DFACF11}.Ad-Hoc|Any CPU.Deploy.0 = Release|Any CPU
		{61C46738-685C-4A9A-BFCB-FF0A7DFACF11}.Ad-Hoc|ARM.ActiveCfg = Release|Any CPU
		{61C46738-685C-4A9A-BFCB-FF0A7DFACF11}.Ad-Hoc|iPhone.ActiveCfg = Release|Any CPU
		{61C46738-685C-4A9A-BFCB-FF0A7DFACF11}.Ad-Hoc|iPhoneSimulator.ActiveCfg = Release|Any CPU
		{61C46738-685C-4A9A-BFCB-FF0A7DFACF11}.Ad-Hoc|Mixed Platforms.ActiveCfg = Release|Any CPU
		{61C46738-685C-4A9A-BFCB-FF0A7DFACF11}.Ad-Hoc|Mixed Platforms.Build.0 = Release|Any CPU
		{61C46738-685C-4A9A-BFCB-FF0A7DFACF11}.Ad-Hoc|Mixed Platforms.Deploy.0 = Release|Any CPU
		{61C46738-685C-4A9A-BFCB-FF0A7DFACF11}.Ad-Hoc|x86.ActiveCfg = Release|Any CPU
		{61C46738-685C-4A9A-BFCB-FF0A7DFACF11}.AppStore|Any CPU.ActiveCfg = Release|Any CPU
		{61C46738-685C-4A9A-BFCB-FF0A7DFACF11}.AppStore|Any CPU.Build.0 = Release|Any CPU
		{61C46738-685C-4A9A-BFCB-FF0A7DFACF11}.AppStore|Any CPU.Deploy.0 = Release|Any CPU
		{61C46738-685C-4A9A-BFCB-FF0A7DFACF11}.AppStore|ARM.ActiveCfg = Release|Any CPU
		{61C46738-685C-4A9A-BFCB-FF0A7DFACF11}.AppStore|iPhone.ActiveCfg = Release|Any CPU
		{61C46738-685C-4A9A-BFCB-FF0A7DFACF11}.AppStore|iPhoneSimulator.ActiveCfg = Release|Any CPU
		{61C46738-685C-4A9A-BFCB-FF0A7DFACF11}.AppStore|Mixed Platforms.ActiveCfg = Release|Any CPU
		{61C46738-685C-4A9A-BFCB-FF0A7DFACF11}.AppStore|Mixed Platforms.Build.0 = Release|Any CPU
		{61C46738-685C-4A9A-BFCB-FF0A7DFACF11}.AppStore|Mixed Platforms.Deploy.0 = Release|Any CPU
		{61C46738-685C-4A9A-BFCB-FF0A7DFACF11}.AppStore|x86.ActiveCfg = Release|Any CPU
		{61C46738-685C-4A9A-BFCB-FF0A7DFACF11}.Debug|Any CPU.ActiveCfg = Debug|Any CPU
		{61C46738-685C-4A9A-BFCB-FF0A7DFACF11}.Debug|Any CPU.Build.0 = Debug|Any CPU
		{61C46738-685C-4A9A-BFCB-FF0A7DFACF11}.Debug|Any CPU.Deploy.0 = Debug|Any CPU
		{61C46738-685C-4A9A-BFCB-FF0A7DFACF11}.Debug|ARM.ActiveCfg = Debug|Any CPU
		{61C46738-685C-4A9A-BFCB-FF0A7DFACF11}.Debug|iPhone.ActiveCfg = Debug|Any CPU
		{61C46738-685C-4A9A-BFCB-FF0A7DFACF11}.Debug|iPhoneSimulator.ActiveCfg = Debug|Any CPU
		{61C46738-685C-4A9A-BFCB-FF0A7DFACF11}.Debug|Mixed Platforms.ActiveCfg = Debug|Any CPU
		{61C46738-685C-4A9A-BFCB-FF0A7DFACF11}.Debug|Mixed Platforms.Build.0 = Debug|Any CPU
		{61C46738-685C-4A9A-BFCB-FF0A7DFACF11}.Debug|Mixed Platforms.Deploy.0 = Debug|Any CPU
		{61C46738-685C-4A9A-BFCB-FF0A7DFACF11}.Debug|x86.ActiveCfg = Debug|Any CPU
		{61C46738-685C-4A9A-BFCB-FF0A7DFACF11}.Release|Any CPU.ActiveCfg = Release|Any CPU
		{61C46738-685C-4A9A-BFCB-FF0A7DFACF11}.Release|Any CPU.Build.0 = Release|Any CPU
		{61C46738-685C-4A9A-BFCB-FF0A7DFACF11}.Release|Any CPU.Deploy.0 = Release|Any CPU
		{61C46738-685C-4A9A-BFCB-FF0A7DFACF11}.Release|ARM.ActiveCfg = Release|Any CPU
		{61C46738-685C-4A9A-BFCB-FF0A7DFACF11}.Release|iPhone.ActiveCfg = Release|Any CPU
		{61C46738-685C-4A9A-BFCB-FF0A7DFACF11}.Release|iPhoneSimulator.ActiveCfg = Release|Any CPU
		{61C46738-685C-4A9A-BFCB-FF0A7DFACF11}.Release|Mixed Platforms.ActiveCfg = Release|Any CPU
		{61C46738-685C-4A9A-BFCB-FF0A7DFACF11}.Release|Mixed Platforms.Build.0 = Release|Any CPU
		{61C46738-685C-4A9A-BFCB-FF0A7DFACF11}.Release|Mixed Platforms.Deploy.0 = Release|Any CPU
		{61C46738-685C-4A9A-BFCB-FF0A7DFACF11}.Release|x86.ActiveCfg = Release|Any CPU
		{01BABFFC-4000-4675-9F76-A7FB31C8508E}.Ad-Hoc|Any CPU.ActiveCfg = Ad-Hoc|iPhone
		{01BABFFC-4000-4675-9F76-A7FB31C8508E}.Ad-Hoc|ARM.ActiveCfg = Ad-Hoc|iPhone
		{01BABFFC-4000-4675-9F76-A7FB31C8508E}.Ad-Hoc|iPhone.ActiveCfg = Ad-Hoc|iPhone
		{01BABFFC-4000-4675-9F76-A7FB31C8508E}.Ad-Hoc|iPhone.Build.0 = Ad-Hoc|iPhone
		{01BABFFC-4000-4675-9F76-A7FB31C8508E}.Ad-Hoc|iPhone.Deploy.0 = Ad-Hoc|iPhone
		{01BABFFC-4000-4675-9F76-A7FB31C8508E}.Ad-Hoc|iPhoneSimulator.ActiveCfg = Ad-Hoc|iPhoneSimulator
		{01BABFFC-4000-4675-9F76-A7FB31C8508E}.Ad-Hoc|iPhoneSimulator.Build.0 = Ad-Hoc|iPhoneSimulator
		{01BABFFC-4000-4675-9F76-A7FB31C8508E}.Ad-Hoc|iPhoneSimulator.Deploy.0 = Ad-Hoc|iPhoneSimulator
		{01BABFFC-4000-4675-9F76-A7FB31C8508E}.Ad-Hoc|Mixed Platforms.ActiveCfg = Ad-Hoc|iPhone
		{01BABFFC-4000-4675-9F76-A7FB31C8508E}.Ad-Hoc|Mixed Platforms.Build.0 = Ad-Hoc|iPhone
		{01BABFFC-4000-4675-9F76-A7FB31C8508E}.Ad-Hoc|Mixed Platforms.Deploy.0 = Ad-Hoc|iPhone
		{01BABFFC-4000-4675-9F76-A7FB31C8508E}.Ad-Hoc|x86.ActiveCfg = Ad-Hoc|iPhone
		{01BABFFC-4000-4675-9F76-A7FB31C8508E}.AppStore|Any CPU.ActiveCfg = AppStore|iPhone
		{01BABFFC-4000-4675-9F76-A7FB31C8508E}.AppStore|ARM.ActiveCfg = AppStore|iPhone
		{01BABFFC-4000-4675-9F76-A7FB31C8508E}.AppStore|iPhone.ActiveCfg = AppStore|iPhone
		{01BABFFC-4000-4675-9F76-A7FB31C8508E}.AppStore|iPhone.Build.0 = AppStore|iPhone
		{01BABFFC-4000-4675-9F76-A7FB31C8508E}.AppStore|iPhone.Deploy.0 = AppStore|iPhone
		{01BABFFC-4000-4675-9F76-A7FB31C8508E}.AppStore|iPhoneSimulator.ActiveCfg = AppStore|iPhoneSimulator
		{01BABFFC-4000-4675-9F76-A7FB31C8508E}.AppStore|iPhoneSimulator.Build.0 = AppStore|iPhoneSimulator
		{01BABFFC-4000-4675-9F76-A7FB31C8508E}.AppStore|iPhoneSimulator.Deploy.0 = AppStore|iPhoneSimulator
		{01BABFFC-4000-4675-9F76-A7FB31C8508E}.AppStore|Mixed Platforms.ActiveCfg = AppStore|iPhone
		{01BABFFC-4000-4675-9F76-A7FB31C8508E}.AppStore|Mixed Platforms.Build.0 = AppStore|iPhone
		{01BABFFC-4000-4675-9F76-A7FB31C8508E}.AppStore|Mixed Platforms.Deploy.0 = AppStore|iPhone
		{01BABFFC-4000-4675-9F76-A7FB31C8508E}.AppStore|x86.ActiveCfg = AppStore|iPhone
		{01BABFFC-4000-4675-9F76-A7FB31C8508E}.Debug|Any CPU.ActiveCfg = Debug|iPhone
		{01BABFFC-4000-4675-9F76-A7FB31C8508E}.Debug|ARM.ActiveCfg = Debug|iPhone
		{01BABFFC-4000-4675-9F76-A7FB31C8508E}.Debug|iPhone.ActiveCfg = Debug|iPhone
		{01BABFFC-4000-4675-9F76-A7FB31C8508E}.Debug|iPhone.Build.0 = Debug|iPhone
		{01BABFFC-4000-4675-9F76-A7FB31C8508E}.Debug|iPhone.Deploy.0 = Debug|iPhone
		{01BABFFC-4000-4675-9F76-A7FB31C8508E}.Debug|iPhoneSimulator.ActiveCfg = Debug|iPhoneSimulator
		{01BABFFC-4000-4675-9F76-A7FB31C8508E}.Debug|iPhoneSimulator.Build.0 = Debug|iPhoneSimulator
		{01BABFFC-4000-4675-9F76-A7FB31C8508E}.Debug|iPhoneSimulator.Deploy.0 = Debug|iPhoneSimulator
		{01BABFFC-4000-4675-9F76-A7FB31C8508E}.Debug|Mixed Platforms.ActiveCfg = Debug|iPhone
		{01BABFFC-4000-4675-9F76-A7FB31C8508E}.Debug|Mixed Platforms.Build.0 = Debug|iPhone
		{01BABFFC-4000-4675-9F76-A7FB31C8508E}.Debug|Mixed Platforms.Deploy.0 = Debug|iPhone
		{01BABFFC-4000-4675-9F76-A7FB31C8508E}.Debug|x86.ActiveCfg = Debug|iPhone
		{01BABFFC-4000-4675-9F76-A7FB31C8508E}.Release|Any CPU.ActiveCfg = Release|iPhone
		{01BABFFC-4000-4675-9F76-A7FB31C8508E}.Release|ARM.ActiveCfg = Release|iPhone
		{01BABFFC-4000-4675-9F76-A7FB31C8508E}.Release|iPhone.ActiveCfg = Release|iPhone
		{01BABFFC-4000-4675-9F76-A7FB31C8508E}.Release|iPhone.Build.0 = Release|iPhone
		{01BABFFC-4000-4675-9F76-A7FB31C8508E}.Release|iPhone.Deploy.0 = Release|iPhone
		{01BABFFC-4000-4675-9F76-A7FB31C8508E}.Release|iPhoneSimulator.ActiveCfg = Release|iPhoneSimulator
		{01BABFFC-4000-4675-9F76-A7FB31C8508E}.Release|iPhoneSimulator.Build.0 = Release|iPhoneSimulator
		{01BABFFC-4000-4675-9F76-A7FB31C8508E}.Release|iPhoneSimulator.Deploy.0 = Release|iPhoneSimulator
		{01BABFFC-4000-4675-9F76-A7FB31C8508E}.Release|Mixed Platforms.ActiveCfg = Release|iPhone
		{01BABFFC-4000-4675-9F76-A7FB31C8508E}.Release|Mixed Platforms.Build.0 = Release|iPhone
		{01BABFFC-4000-4675-9F76-A7FB31C8508E}.Release|Mixed Platforms.Deploy.0 = Release|iPhone
		{01BABFFC-4000-4675-9F76-A7FB31C8508E}.Release|x86.ActiveCfg = Release|iPhone
		{23EA29FC-F39D-44AE-AA4B-18BD1F2D1EA0}.Ad-Hoc|Any CPU.ActiveCfg = Release|Any CPU
		{23EA29FC-F39D-44AE-AA4B-18BD1F2D1EA0}.Ad-Hoc|Any CPU.Build.0 = Release|Any CPU
		{23EA29FC-F39D-44AE-AA4B-18BD1F2D1EA0}.Ad-Hoc|Any CPU.Deploy.0 = Release|Any CPU
		{23EA29FC-F39D-44AE-AA4B-18BD1F2D1EA0}.Ad-Hoc|ARM.ActiveCfg = Release|ARM
		{23EA29FC-F39D-44AE-AA4B-18BD1F2D1EA0}.Ad-Hoc|ARM.Build.0 = Release|ARM
		{23EA29FC-F39D-44AE-AA4B-18BD1F2D1EA0}.Ad-Hoc|ARM.Deploy.0 = Release|ARM
		{23EA29FC-F39D-44AE-AA4B-18BD1F2D1EA0}.Ad-Hoc|iPhone.ActiveCfg = Release|Any CPU
		{23EA29FC-F39D-44AE-AA4B-18BD1F2D1EA0}.Ad-Hoc|iPhoneSimulator.ActiveCfg = Release|Any CPU
		{23EA29FC-F39D-44AE-AA4B-18BD1F2D1EA0}.Ad-Hoc|Mixed Platforms.ActiveCfg = Release|x86
		{23EA29FC-F39D-44AE-AA4B-18BD1F2D1EA0}.Ad-Hoc|Mixed Platforms.Build.0 = Release|x86
		{23EA29FC-F39D-44AE-AA4B-18BD1F2D1EA0}.Ad-Hoc|Mixed Platforms.Deploy.0 = Release|x86
		{23EA29FC-F39D-44AE-AA4B-18BD1F2D1EA0}.Ad-Hoc|x86.ActiveCfg = Release|x86
		{23EA29FC-F39D-44AE-AA4B-18BD1F2D1EA0}.Ad-Hoc|x86.Build.0 = Release|x86
		{23EA29FC-F39D-44AE-AA4B-18BD1F2D1EA0}.Ad-Hoc|x86.Deploy.0 = Release|x86
		{23EA29FC-F39D-44AE-AA4B-18BD1F2D1EA0}.AppStore|Any CPU.ActiveCfg = Release|Any CPU
		{23EA29FC-F39D-44AE-AA4B-18BD1F2D1EA0}.AppStore|Any CPU.Build.0 = Release|Any CPU
		{23EA29FC-F39D-44AE-AA4B-18BD1F2D1EA0}.AppStore|Any CPU.Deploy.0 = Release|Any CPU
		{23EA29FC-F39D-44AE-AA4B-18BD1F2D1EA0}.AppStore|ARM.ActiveCfg = Release|ARM
		{23EA29FC-F39D-44AE-AA4B-18BD1F2D1EA0}.AppStore|ARM.Build.0 = Release|ARM
		{23EA29FC-F39D-44AE-AA4B-18BD1F2D1EA0}.AppStore|ARM.Deploy.0 = Release|ARM
		{23EA29FC-F39D-44AE-AA4B-18BD1F2D1EA0}.AppStore|iPhone.ActiveCfg = Release|Any CPU
		{23EA29FC-F39D-44AE-AA4B-18BD1F2D1EA0}.AppStore|iPhoneSimulator.ActiveCfg = Release|Any CPU
		{23EA29FC-F39D-44AE-AA4B-18BD1F2D1EA0}.AppStore|Mixed Platforms.ActiveCfg = Release|x86
		{23EA29FC-F39D-44AE-AA4B-18BD1F2D1EA0}.AppStore|Mixed Platforms.Build.0 = Release|x86
		{23EA29FC-F39D-44AE-AA4B-18BD1F2D1EA0}.AppStore|Mixed Platforms.Deploy.0 = Release|x86
		{23EA29FC-F39D-44AE-AA4B-18BD1F2D1EA0}.AppStore|x86.ActiveCfg = Release|x86
		{23EA29FC-F39D-44AE-AA4B-18BD1F2D1EA0}.AppStore|x86.Build.0 = Release|x86
		{23EA29FC-F39D-44AE-AA4B-18BD1F2D1EA0}.AppStore|x86.Deploy.0 = Release|x86
		{23EA29FC-F39D-44AE-AA4B-18BD1F2D1EA0}.Debug|Any CPU.ActiveCfg = Debug|Any CPU
		{23EA29FC-F39D-44AE-AA4B-18BD1F2D1EA0}.Debug|Any CPU.Build.0 = Debug|Any CPU
		{23EA29FC-F39D-44AE-AA4B-18BD1F2D1EA0}.Debug|Any CPU.Deploy.0 = Debug|Any CPU
		{23EA29FC-F39D-44AE-AA4B-18BD1F2D1EA0}.Debug|ARM.ActiveCfg = Debug|ARM
		{23EA29FC-F39D-44AE-AA4B-18BD1F2D1EA0}.Debug|ARM.Build.0 = Debug|ARM
		{23EA29FC-F39D-44AE-AA4B-18BD1F2D1EA0}.Debug|ARM.Deploy.0 = Debug|ARM
		{23EA29FC-F39D-44AE-AA4B-18BD1F2D1EA0}.Debug|iPhone.ActiveCfg = Debug|Any CPU
		{23EA29FC-F39D-44AE-AA4B-18BD1F2D1EA0}.Debug|iPhoneSimulator.ActiveCfg = Debug|Any CPU
		{23EA29FC-F39D-44AE-AA4B-18BD1F2D1EA0}.Debug|Mixed Platforms.ActiveCfg = Debug|x86
		{23EA29FC-F39D-44AE-AA4B-18BD1F2D1EA0}.Debug|Mixed Platforms.Build.0 = Debug|x86
		{23EA29FC-F39D-44AE-AA4B-18BD1F2D1EA0}.Debug|Mixed Platforms.Deploy.0 = Debug|x86
		{23EA29FC-F39D-44AE-AA4B-18BD1F2D1EA0}.Debug|x86.ActiveCfg = Debug|x86
		{23EA29FC-F39D-44AE-AA4B-18BD1F2D1EA0}.Debug|x86.Build.0 = Debug|x86
		{23EA29FC-F39D-44AE-AA4B-18BD1F2D1EA0}.Debug|x86.Deploy.0 = Debug|x86
		{23EA29FC-F39D-44AE-AA4B-18BD1F2D1EA0}.Release|Any CPU.ActiveCfg = Release|Any CPU
		{23EA29FC-F39D-44AE-AA4B-18BD1F2D1EA0}.Release|Any CPU.Build.0 = Release|Any CPU
		{23EA29FC-F39D-44AE-AA4B-18BD1F2D1EA0}.Release|Any CPU.Deploy.0 = Release|Any CPU
		{23EA29FC-F39D-44AE-AA4B-18BD1F2D1EA0}.Release|ARM.ActiveCfg = Release|ARM
		{23EA29FC-F39D-44AE-AA4B-18BD1F2D1EA0}.Release|ARM.Build.0 = Release|ARM
		{23EA29FC-F39D-44AE-AA4B-18BD1F2D1EA0}.Release|ARM.Deploy.0 = Release|ARM
		{23EA29FC-F39D-44AE-AA4B-18BD1F2D1EA0}.Release|iPhone.ActiveCfg = Release|Any CPU
		{23EA29FC-F39D-44AE-AA4B-18BD1F2D1EA0}.Release|iPhoneSimulator.ActiveCfg = Release|Any CPU
		{23EA29FC-F39D-44AE-AA4B-18BD1F2D1EA0}.Release|Mixed Platforms.ActiveCfg = Release|x86
		{23EA29FC-F39D-44AE-AA4B-18BD1F2D1EA0}.Release|Mixed Platforms.Build.0 = Release|x86
		{23EA29FC-F39D-44AE-AA4B-18BD1F2D1EA0}.Release|Mixed Platforms.Deploy.0 = Release|x86
		{23EA29FC-F39D-44AE-AA4B-18BD1F2D1EA0}.Release|x86.ActiveCfg = Release|x86
		{23EA29FC-F39D-44AE-AA4B-18BD1F2D1EA0}.Release|x86.Build.0 = Release|x86
		{23EA29FC-F39D-44AE-AA4B-18BD1F2D1EA0}.Release|x86.Deploy.0 = Release|x86
	EndGlobalSection
	GlobalSection(SolutionProperties) = preSolution
		HideSolutionNode = FALSE
	EndGlobalSection
EndGlobal
